
Microsoft Visual Studio Solution File, Format Version 12.00
# Visual Studio 15
VisualStudioVersion = 15.0.26430.6
MinimumVisualStudioVersion = 10.0.40219.1
Project("{FAE04EC0-301F-11D3-BF4B-00C04F79EFBC}") = "Lab04.Android", "Lab04\Lab04.Android\Lab04.Android.csproj", "{5A776464-C80E-4C12-BC80-C0C2C8819B38}"
EndProject
Project("{FAE04EC0-301F-11D3-BF4B-00C04F79EFBC}") = "Lab04", "Lab04\Lab04\Lab04.csproj", "{E64379F8-D586-49A4-9250-223B9D330ABD}"
EndProject
Project("{FAE04EC0-301F-11D3-BF4B-00C04F79EFBC}") = "Lab04.UWP", "Lab04\Lab04.UWP\Lab04.UWP.csproj", "{AA7B8527-1A35-4030-9866-454035D1C327}"
EndProject
Project("{FAE04EC0-301F-11D3-BF4B-00C04F79EFBC}") = "Lab04.iOS", "Lab04\Lab04.iOS\Lab04.iOS.csproj", "{510445CE-4924-454A-8E7B-B692A2A8D3FB}"
EndProject
Global
	GlobalSection(SolutionConfigurationPlatforms) = preSolution
		Ad-Hoc|Any CPU = Ad-Hoc|Any CPU
		Ad-Hoc|ARM = Ad-Hoc|ARM
		Ad-Hoc|iPhone = Ad-Hoc|iPhone
		Ad-Hoc|iPhoneSimulator = Ad-Hoc|iPhoneSimulator
		Ad-Hoc|x64 = Ad-Hoc|x64
		Ad-Hoc|x86 = Ad-Hoc|x86
		AppStore|Any CPU = AppStore|Any CPU
		AppStore|ARM = AppStore|ARM
		AppStore|iPhone = AppStore|iPhone
		AppStore|iPhoneSimulator = AppStore|iPhoneSimulator
		AppStore|x64 = AppStore|x64
		AppStore|x86 = AppStore|x86
		Debug|Any CPU = Debug|Any CPU
		Debug|ARM = Debug|ARM
		Debug|iPhone = Debug|iPhone
		Debug|iPhoneSimulator = Debug|iPhoneSimulator
		Debug|x64 = Debug|x64
		Debug|x86 = Debug|x86
		Release|Any CPU = Release|Any CPU
		Release|ARM = Release|ARM
		Release|iPhone = Release|iPhone
		Release|iPhoneSimulator = Release|iPhoneSimulator
		Release|x64 = Release|x64
		Release|x86 = Release|x86
	EndGlobalSection
	GlobalSection(ProjectConfigurationPlatforms) = postSolution
		{5A776464-C80E-4C12-BC80-C0C2C8819B38}.Ad-Hoc|Any CPU.ActiveCfg = Release|Any CPU
		{5A776464-C80E-4C12-BC80-C0C2C8819B38}.Ad-Hoc|Any CPU.Build.0 = Release|Any CPU
		{5A776464-C80E-4C12-BC80-C0C2C8819B38}.Ad-Hoc|Any CPU.Deploy.0 = Release|Any CPU
		{5A776464-C80E-4C12-BC80-C0C2C8819B38}.Ad-Hoc|ARM.ActiveCfg = Release|Any CPU
		{5A776464-C80E-4C12-BC80-C0C2C8819B38}.Ad-Hoc|ARM.Build.0 = Release|Any CPU
		{5A776464-C80E-4C12-BC80-C0C2C8819B38}.Ad-Hoc|ARM.Deploy.0 = Release|Any CPU
		{5A776464-C80E-4C12-BC80-C0C2C8819B38}.Ad-Hoc|iPhone.ActiveCfg = Release|Any CPU
		{5A776464-C80E-4C12-BC80-C0C2C8819B38}.Ad-Hoc|iPhone.Build.0 = Release|Any CPU
		{5A776464-C80E-4C12-BC80-C0C2C8819B38}.Ad-Hoc|iPhone.Deploy.0 = Release|Any CPU
		{5A776464-C80E-4C12-BC80-C0C2C8819B38}.Ad-Hoc|iPhoneSimulator.ActiveCfg = Release|Any CPU
		{5A776464-C80E-4C12-BC80-C0C2C8819B38}.Ad-Hoc|iPhoneSimulator.Build.0 = Release|Any CPU
		{5A776464-C80E-4C12-BC80-C0C2C8819B38}.Ad-Hoc|iPhoneSimulator.Deploy.0 = Release|Any CPU
		{5A776464-C80E-4C12-BC80-C0C2C8819B38}.Ad-Hoc|x64.ActiveCfg = Release|Any CPU
		{5A776464-C80E-4C12-BC80-C0C2C8819B38}.Ad-Hoc|x64.Build.0 = Release|Any CPU
		{5A776464-C80E-4C12-BC80-C0C2C8819B38}.Ad-Hoc|x64.Deploy.0 = Release|Any CPU
		{5A776464-C80E-4C12-BC80-C0C2C8819B38}.Ad-Hoc|x86.ActiveCfg = Release|Any CPU
		{5A776464-C80E-4C12-BC80-C0C2C8819B38}.Ad-Hoc|x86.Build.0 = Release|Any CPU
		{5A776464-C80E-4C12-BC80-C0C2C8819B38}.Ad-Hoc|x86.Deploy.0 = Release|Any CPU
		{5A776464-C80E-4C12-BC80-C0C2C8819B38}.AppStore|Any CPU.ActiveCfg = Release|Any CPU
		{5A776464-C80E-4C12-BC80-C0C2C8819B38}.AppStore|Any CPU.Build.0 = Release|Any CPU
		{5A776464-C80E-4C12-BC80-C0C2C8819B38}.AppStore|Any CPU.Deploy.0 = Release|Any CPU
		{5A776464-C80E-4C12-BC80-C0C2C8819B38}.AppStore|ARM.ActiveCfg = Release|Any CPU
		{5A776464-C80E-4C12-BC80-C0C2C8819B38}.AppStore|ARM.Build.0 = Release|Any CPU
		{5A776464-C80E-4C12-BC80-C0C2C8819B38}.AppStore|ARM.Deploy.0 = Release|Any CPU
		{5A776464-C80E-4C12-BC80-C0C2C8819B38}.AppStore|iPhone.ActiveCfg = Release|Any CPU
		{5A776464-C80E-4C12-BC80-C0C2C8819B38}.AppStore|iPhone.Build.0 = Release|Any CPU
		{5A776464-C80E-4C12-BC80-C0C2C8819B38}.AppStore|iPhone.Deploy.0 = Release|Any CPU
		{5A776464-C80E-4C12-BC80-C0C2C8819B38}.AppStore|iPhoneSimulator.ActiveCfg = Release|Any CPU
		{5A776464-C80E-4C12-BC80-C0C2C8819B38}.AppStore|iPhoneSimulator.Build.0 = Release|Any CPU
		{5A776464-C80E-4C12-BC80-C0C2C8819B38}.AppStore|iPhoneSimulator.Deploy.0 = Release|Any CPU
		{5A776464-C80E-4C12-BC80-C0C2C8819B38}.AppStore|x64.ActiveCfg = Release|Any CPU
		{5A776464-C80E-4C12-BC80-C0C2C8819B38}.AppStore|x64.Build.0 = Release|Any CPU
		{5A776464-C80E-4C12-BC80-C0C2C8819B38}.AppStore|x64.Deploy.0 = Release|Any CPU
		{5A776464-C80E-4C12-BC80-C0C2C8819B38}.AppStore|x86.ActiveCfg = Release|Any CPU
		{5A776464-C80E-4C12-BC80-C0C2C8819B38}.AppStore|x86.Build.0 = Release|Any CPU
		{5A776464-C80E-4C12-BC80-C0C2C8819B38}.AppStore|x86.Deploy.0 = Release|Any CPU
		{5A776464-C80E-4C12-BC80-C0C2C8819B38}.Debug|Any CPU.ActiveCfg = Debug|Any CPU
		{5A776464-C80E-4C12-BC80-C0C2C8819B38}.Debug|Any CPU.Build.0 = Debug|Any CPU
		{5A776464-C80E-4C12-BC80-C0C2C8819B38}.Debug|Any CPU.Deploy.0 = Debug|Any CPU
		{5A776464-C80E-4C12-BC80-C0C2C8819B38}.Debug|ARM.ActiveCfg = Debug|Any CPU
		{5A776464-C80E-4C12-BC80-C0C2C8819B38}.Debug|ARM.Build.0 = Debug|Any CPU
		{5A776464-C80E-4C12-BC80-C0C2C8819B38}.Debug|ARM.Deploy.0 = Debug|Any CPU
		{5A776464-C80E-4C12-BC80-C0C2C8819B38}.Debug|iPhone.ActiveCfg = Debug|Any CPU
		{5A776464-C80E-4C12-BC80-C0C2C8819B38}.Debug|iPhone.Build.0 = Debug|Any CPU
		{5A776464-C80E-4C12-BC80-C0C2C8819B38}.Debug|iPhone.Deploy.0 = Debug|Any CPU
		{5A776464-C80E-4C12-BC80-C0C2C8819B38}.Debug|iPhoneSimulator.ActiveCfg = Debug|Any CPU
		{5A776464-C80E-4C12-BC80-C0C2C8819B38}.Debug|iPhoneSimulator.Build.0 = Debug|Any CPU
		{5A776464-C80E-4C12-BC80-C0C2C8819B38}.Debug|iPhoneSimulator.Deploy.0 = Debug|Any CPU
		{5A776464-C80E-4C12-BC80-C0C2C8819B38}.Debug|x64.ActiveCfg = Debug|Any CPU
		{5A776464-C80E-4C12-BC80-C0C2C8819B38}.Debug|x64.Build.0 = Debug|Any CPU
		{5A776464-C80E-4C12-BC80-C0C2C8819B38}.Debug|x64.Deploy.0 = Debug|Any CPU
		{5A776464-C80E-4C12-BC80-C0C2C8819B38}.Debug|x86.ActiveCfg = Debug|Any CPU
		{5A776464-C80E-4C12-BC80-C0C2C8819B38}.Debug|x86.Build.0 = Debug|Any CPU
		{5A776464-C80E-4C12-BC80-C0C2C8819B38}.Debug|x86.Deploy.0 = Debug|Any CPU
		{5A776464-C80E-4C12-BC80-C0C2C8819B38}.Release|Any CPU.ActiveCfg = Release|Any CPU
		{5A776464-C80E-4C12-BC80-C0C2C8819B38}.Release|Any CPU.Build.0 = Release|Any CPU
		{5A776464-C80E-4C12-BC80-C0C2C8819B38}.Release|Any CPU.Deploy.0 = Release|Any CPU
		{5A776464-C80E-4C12-BC80-C0C2C8819B38}.Release|ARM.ActiveCfg = Release|Any CPU
		{5A776464-C80E-4C12-BC80-C0C2C8819B38}.Release|ARM.Build.0 = Release|Any CPU
		{5A776464-C80E-4C12-BC80-C0C2C8819B38}.Release|ARM.Deploy.0 = Release|Any CPU
		{5A776464-C80E-4C12-BC80-C0C2C8819B38}.Release|iPhone.ActiveCfg = Release|Any CPU
		{5A776464-C80E-4C12-BC80-C0C2C8819B38}.Release|iPhone.Build.0 = Release|Any CPU
		{5A776464-C80E-4C12-BC80-C0C2C8819B38}.Release|iPhone.Deploy.0 = Release|Any CPU
		{5A776464-C80E-4C12-BC80-C0C2C8819B38}.Release|iPhoneSimulator.ActiveCfg = Release|Any CPU
		{5A776464-C80E-4C12-BC80-C0C2C8819B38}.Release|iPhoneSimulator.Build.0 = Release|Any CPU
		{5A776464-C80E-4C12-BC80-C0C2C8819B38}.Release|iPhoneSimulator.Deploy.0 = Release|Any CPU
		{5A776464-C80E-4C12-BC80-C0C2C8819B38}.Release|x64.ActiveCfg = Release|Any CPU
		{5A776464-C80E-4C12-BC80-C0C2C8819B38}.Release|x64.Build.0 = Release|Any CPU
		{5A776464-C80E-4C12-BC80-C0C2C8819B38}.Release|x64.Deploy.0 = Release|Any CPU
		{5A776464-C80E-4C12-BC80-C0C2C8819B38}.Release|x86.ActiveCfg = Release|Any CPU
		{5A776464-C80E-4C12-BC80-C0C2C8819B38}.Release|x86.Build.0 = Release|Any CPU
		{5A776464-C80E-4C12-BC80-C0C2C8819B38}.Release|x86.Deploy.0 = Release|Any CPU
		{E64379F8-D586-49A4-9250-223B9D330ABD}.Ad-Hoc|Any CPU.ActiveCfg = Release|Any CPU
		{E64379F8-D586-49A4-9250-223B9D330ABD}.Ad-Hoc|Any CPU.Build.0 = Release|Any CPU
		{E64379F8-D586-49A4-9250-223B9D330ABD}.Ad-Hoc|ARM.ActiveCfg = Release|Any CPU
		{E64379F8-D586-49A4-9250-223B9D330ABD}.Ad-Hoc|ARM.Build.0 = Release|Any CPU
		{E64379F8-D586-49A4-9250-223B9D330ABD}.Ad-Hoc|iPhone.ActiveCfg = Release|Any CPU
		{E64379F8-D586-49A4-9250-223B9D330ABD}.Ad-Hoc|iPhone.Build.0 = Release|Any CPU
		{E64379F8-D586-49A4-9250-223B9D330ABD}.Ad-Hoc|iPhoneSimulator.ActiveCfg = Release|Any CPU
		{E64379F8-D586-49A4-9250-223B9D330ABD}.Ad-Hoc|iPhoneSimulator.Build.0 = Release|Any CPU
		{E64379F8-D586-49A4-9250-223B9D330ABD}.Ad-Hoc|x64.ActiveCfg = Release|Any CPU
		{E64379F8-D586-49A4-9250-223B9D330ABD}.Ad-Hoc|x64.Build.0 = Release|Any CPU
		{E64379F8-D586-49A4-9250-223B9D330ABD}.Ad-Hoc|x86.ActiveCfg = Release|Any CPU
		{E64379F8-D586-49A4-9250-223B9D330ABD}.Ad-Hoc|x86.Build.0 = Release|Any CPU
		{E64379F8-D586-49A4-9250-223B9D330ABD}.AppStore|Any CPU.ActiveCfg = Release|Any CPU
		{E64379F8-D586-49A4-9250-223B9D330ABD}.AppStore|Any CPU.Build.0 = Release|Any CPU
		{E64379F8-D586-49A4-9250-223B9D330ABD}.AppStore|ARM.ActiveCfg = Release|Any CPU
		{E64379F8-D586-49A4-9250-223B9D330ABD}.AppStore|ARM.Build.0 = Release|Any CPU
		{E64379F8-D586-49A4-9250-223B9D330ABD}.AppStore|iPhone.ActiveCfg = Release|Any CPU
		{E64379F8-D586-49A4-9250-223B9D330ABD}.AppStore|iPhone.Build.0 = Release|Any CPU
		{E64379F8-D586-49A4-9250-223B9D330ABD}.AppStore|iPhoneSimulator.ActiveCfg = Release|Any CPU
		{E64379F8-D586-49A4-9250-223B9D330ABD}.AppStore|iPhoneSimulator.Build.0 = Release|Any CPU
		{E64379F8-D586-49A4-9250-223B9D330ABD}.AppStore|x64.ActiveCfg = Release|Any CPU
		{E64379F8-D586-49A4-9250-223B9D330ABD}.AppStore|x64.Build.0 = Release|Any CPU
		{E64379F8-D586-49A4-9250-223B9D330ABD}.AppStore|x86.ActiveCfg = Release|Any CPU
		{E64379F8-D586-49A4-9250-223B9D330ABD}.AppStore|x86.Build.0 = Release|Any CPU
		{E64379F8-D586-49A4-9250-223B9D330ABD}.Debug|Any CPU.ActiveCfg = Debug|Any CPU
		{E64379F8-D586-49A4-9250-223B9D330ABD}.Debug|Any CPU.Build.0 = Debug|Any CPU
		{E64379F8-D586-49A4-9250-223B9D330ABD}.Debug|ARM.ActiveCfg = Debug|Any CPU
		{E64379F8-D586-49A4-9250-223B9D330ABD}.Debug|ARM.Build.0 = Debug|Any CPU
		{E64379F8-D586-49A4-9250-223B9D330ABD}.Debug|iPhone.ActiveCfg = Debug|Any CPU
		{E64379F8-D586-49A4-9250-223B9D330ABD}.Debug|iPhone.Build.0 = Debug|Any CPU
		{E64379F8-D586-49A4-9250-223B9D330ABD}.Debug|iPhoneSimulator.ActiveCfg = Debug|Any CPU
		{E64379F8-D586-49A4-9250-223B9D330ABD}.Debug|iPhoneSimulator.Build.0 = Debug|Any CPU
		{E64379F8-D586-49A4-9250-223B9D330ABD}.Debug|x64.ActiveCfg = Debug|Any CPU
		{E64379F8-D586-49A4-9250-223B9D330ABD}.Debug|x64.Build.0 = Debug|Any CPU
		{E64379F8-D586-49A4-9250-223B9D330ABD}.Debug|x86.ActiveCfg = Debug|Any CPU
		{E64379F8-D586-49A4-9250-223B9D330ABD}.Debug|x86.Build.0 = Debug|Any CPU
		{E64379F8-D586-49A4-9250-223B9D330ABD}.Release|Any CPU.ActiveCfg = Release|Any CPU
		{E64379F8-D586-49A4-9250-223B9D330ABD}.Release|Any CPU.Build.0 = Release|Any CPU
		{E64379F8-D586-49A4-9250-223B9D330ABD}.Release|ARM.ActiveCfg = Release|Any CPU
		{E64379F8-D586-49A4-9250-223B9D330ABD}.Release|ARM.Build.0 = Release|Any CPU
		{E64379F8-D586-49A4-9250-223B9D330ABD}.Release|iPhone.ActiveCfg = Release|Any CPU
		{E64379F8-D586-49A4-9250-223B9D330ABD}.Release|iPhone.Build.0 = Release|Any CPU
		{E64379F8-D586-49A4-9250-223B9D330ABD}.Release|iPhoneSimulator.ActiveCfg = Release|Any CPU
		{E64379F8-D586-49A4-9250-223B9D330ABD}.Release|iPhoneSimulator.Build.0 = Release|Any CPU
		{E64379F8-D586-49A4-9250-223B9D330ABD}.Release|x64.ActiveCfg = Release|Any CPU
		{E64379F8-D586-49A4-9250-223B9D330ABD}.Release|x64.Build.0 = Release|Any CPU
		{E64379F8-D586-49A4-9250-223B9D330ABD}.Release|x86.ActiveCfg = Release|Any CPU
		{E64379F8-D586-49A4-9250-223B9D330ABD}.Release|x86.Build.0 = Release|Any CPU
		{AA7B8527-1A35-4030-9866-454035D1C327}.Ad-Hoc|Any CPU.ActiveCfg = Release|x86
		{AA7B8527-1A35-4030-9866-454035D1C327}.Ad-Hoc|Any CPU.Build.0 = Release|x86
		{AA7B8527-1A35-4030-9866-454035D1C327}.Ad-Hoc|Any CPU.Deploy.0 = Release|x86
		{AA7B8527-1A35-4030-9866-454035D1C327}.Ad-Hoc|ARM.ActiveCfg = Release|ARM
		{AA7B8527-1A35-4030-9866-454035D1C327}.Ad-Hoc|ARM.Build.0 = Release|ARM
		{AA7B8527-1A35-4030-9866-454035D1C327}.Ad-Hoc|ARM.Deploy.0 = Release|ARM
		{AA7B8527-1A35-4030-9866-454035D1C327}.Ad-Hoc|iPhone.ActiveCfg = Release|x86
		{AA7B8527-1A35-4030-9866-454035D1C327}.Ad-Hoc|iPhone.Build.0 = Release|x86
		{AA7B8527-1A35-4030-9866-454035D1C327}.Ad-Hoc|iPhone.Deploy.0 = Release|x86
		{AA7B8527-1A35-4030-9866-454035D1C327}.Ad-Hoc|iPhoneSimulator.ActiveCfg = Release|x86
		{AA7B8527-1A35-4030-9866-454035D1C327}.Ad-Hoc|iPhoneSimulator.Build.0 = Release|x86
		{AA7B8527-1A35-4030-9866-454035D1C327}.Ad-Hoc|iPhoneSimulator.Deploy.0 = Release|x86
		{AA7B8527-1A35-4030-9866-454035D1C327}.Ad-Hoc|x64.ActiveCfg = Release|x64
		{AA7B8527-1A35-4030-9866-454035D1C327}.Ad-Hoc|x64.Build.0 = Release|x64
		{AA7B8527-1A35-4030-9866-454035D1C327}.Ad-Hoc|x64.Deploy.0 = Release|x64
		{AA7B8527-1A35-4030-9866-454035D1C327}.Ad-Hoc|x86.ActiveCfg = Release|x86
		{AA7B8527-1A35-4030-9866-454035D1C327}.Ad-Hoc|x86.Build.0 = Release|x86
		{AA7B8527-1A35-4030-9866-454035D1C327}.Ad-Hoc|x86.Deploy.0 = Release|x86
		{AA7B8527-1A35-4030-9866-454035D1C327}.AppStore|Any CPU.ActiveCfg = Release|x86
		{AA7B8527-1A35-4030-9866-454035D1C327}.AppStore|Any CPU.Build.0 = Release|x86
		{AA7B8527-1A35-4030-9866-454035D1C327}.AppStore|Any CPU.Deploy.0 = Release|x86
		{AA7B8527-1A35-4030-9866-454035D1C327}.AppStore|ARM.ActiveCfg = Release|ARM
		{AA7B8527-1A35-4030-9866-454035D1C327}.AppStore|ARM.Build.0 = Release|ARM
		{AA7B8527-1A35-4030-9866-454035D1C327}.AppStore|ARM.Deploy.0 = Release|ARM
		{AA7B8527-1A35-4030-9866-454035D1C327}.AppStore|iPhone.ActiveCfg = Release|x86
		{AA7B8527-1A35-4030-9866-454035D1C327}.AppStore|iPhone.Build.0 = Release|x86
		{AA7B8527-1A35-4030-9866-454035D1C327}.AppStore|iPhone.Deploy.0 = Release|x86
		{AA7B8527-1A35-4030-9866-454035D1C327}.AppStore|iPhoneSimulator.ActiveCfg = Release|x86
		{AA7B8527-1A35-4030-9866-454035D1C327}.AppStore|iPhoneSimulator.Build.0 = Release|x86
		{AA7B8527-1A35-4030-9866-454035D1C327}.AppStore|iPhoneSimulator.Deploy.0 = Release|x86
		{AA7B8527-1A35-4030-9866-454035D1C327}.AppStore|x64.ActiveCfg = Release|x64
		{AA7B8527-1A35-4030-9866-454035D1C327}.AppStore|x64.Build.0 = Release|x64
		{AA7B8527-1A35-4030-9866-454035D1C327}.AppStore|x64.Deploy.0 = Release|x64
		{AA7B8527-1A35-4030-9866-454035D1C327}.AppStore|x86.ActiveCfg = Release|x86
		{AA7B8527-1A35-4030-9866-454035D1C327}.AppStore|x86.Build.0 = Release|x86
		{AA7B8527-1A35-4030-9866-454035D1C327}.AppStore|x86.Deploy.0 = Release|x86
		{AA7B8527-1A35-4030-9866-454035D1C327}.Debug|Any CPU.ActiveCfg = Debug|x86
		{AA7B8527-1A35-4030-9866-454035D1C327}.Debug|ARM.ActiveCfg = Debug|ARM
		{AA7B8527-1A35-4030-9866-454035D1C327}.Debug|ARM.Build.0 = Debug|ARM
		{AA7B8527-1A35-4030-9866-454035D1C327}.Debug|ARM.Deploy.0 = Debug|ARM
		{AA7B8527-1A35-4030-9866-454035D1C327}.Debug|iPhone.ActiveCfg = Debug|x86
		{AA7B8527-1A35-4030-9866-454035D1C327}.Debug|iPhoneSimulator.ActiveCfg = Debug|x86
		{AA7B8527-1A35-4030-9866-454035D1C327}.Debug|x64.ActiveCfg = Debug|x64
		{AA7B8527-1A35-4030-9866-454035D1C327}.Debug|x64.Build.0 = Debug|x64
		{AA7B8527-1A35-4030-9866-454035D1C327}.Debug|x64.Deploy.0 = Debug|x64
		{AA7B8527-1A35-4030-9866-454035D1C327}.Debug|x86.ActiveCfg = Debug|x86
		{AA7B8527-1A35-4030-9866-454035D1C327}.Debug|x86.Build.0 = Debug|x86
		{AA7B8527-1A35-4030-9866-454035D1C327}.Debug|x86.Deploy.0 = Debug|x86
		{AA7B8527-1A35-4030-9866-454035D1C327}.Release|Any CPU.ActiveCfg = Release|x86
		{AA7B8527-1A35-4030-9866-454035D1C327}.Release|ARM.ActiveCfg = Release|ARM
		{AA7B8527-1A35-4030-9866-454035D1C327}.Release|ARM.Build.0 = Release|ARM
		{AA7B8527-1A35-4030-9866-454035D1C327}.Release|ARM.Deploy.0 = Release|ARM
		{AA7B8527-1A35-4030-9866-454035D1C327}.Release|iPhone.ActiveCfg = Release|x86
		{AA7B8527-1A35-4030-9866-454035D1C327}.Release|iPhoneSimulator.ActiveCfg = Release|x86
		{AA7B8527-1A35-4030-9866-454035D1C327}.Release|x64.ActiveCfg = Release|x64
		{AA7B8527-1A35-4030-9866-454035D1C327}.Release|x64.Build.0 = Release|x64
		{AA7B8527-1A35-4030-9866-454035D1C327}.Release|x64.Deploy.0 = Release|x64
		{AA7B8527-1A35-4030-9866-454035D1C327}.Release|x86.ActiveCfg = Release|x86
		{AA7B8527-1A35-4030-9866-454035D1C327}.Release|x86.Build.0 = Release|x86
		{AA7B8527-1A35-4030-9866-454035D1C327}.Release|x86.Deploy.0 = Release|x86
		{510445CE-4924-454A-8E7B-B692A2A8D3FB}.Ad-Hoc|Any CPU.ActiveCfg = Ad-Hoc|iPhone
		{510445CE-4924-454A-8E7B-B692A2A8D3FB}.Ad-Hoc|ARM.ActiveCfg = Ad-Hoc|iPhone
		{510445CE-4924-454A-8E7B-B692A2A8D3FB}.Ad-Hoc|iPhone.ActiveCfg = Ad-Hoc|iPhone
		{510445CE-4924-454A-8E7B-B692A2A8D3FB}.Ad-Hoc|iPhone.Build.0 = Ad-Hoc|iPhone
		{510445CE-4924-454A-8E7B-B692A2A8D3FB}.Ad-Hoc|iPhoneSimulator.ActiveCfg = Ad-Hoc|iPhoneSimulator
		{510445CE-4924-454A-8E7B-B692A2A8D3FB}.Ad-Hoc|iPhoneSimulator.Build.0 = Ad-Hoc|iPhoneSimulator
		{510445CE-4924-454A-8E7B-B692A2A8D3FB}.Ad-Hoc|x64.ActiveCfg = Ad-Hoc|iPhone
		{510445CE-4924-454A-8E7B-B692A2A8D3FB}.Ad-Hoc|x86.ActiveCfg = Ad-Hoc|iPhone
		{510445CE-4924-454A-8E7B-B692A2A8D3FB}.AppStore|Any CPU.ActiveCfg = AppStore|iPhone
		{510445CE-4924-454A-8E7B-B692A2A8D3FB}.AppStore|ARM.ActiveCfg = AppStore|iPhone
		{510445CE-4924-454A-8E7B-B692A2A8D3FB}.AppStore|iPhone.ActiveCfg = AppStore|iPhone
		{510445CE-4924-454A-8E7B-B692A2A8D3FB}.AppStore|iPhone.Build.0 = AppStore|iPhone
		{510445CE-4924-454A-8E7B-B692A2A8D3FB}.AppStore|iPhoneSimulator.ActiveCfg = AppStore|iPhoneSimulator
		{510445CE-4924-454A-8E7B-B692A2A8D3FB}.AppStore|iPhoneSimulator.Build.0 = AppStore|iPhoneSimulator
		{510445CE-4924-454A-8E7B-B692A2A8D3FB}.AppStore|x64.ActiveCfg = AppStore|iPhone
		{510445CE-4924-454A-8E7B-B692A2A8D3FB}.AppStore|x86.ActiveCfg = AppStore|iPhone
		{510445CE-4924-454A-8E7B-B692A2A8D3FB}.Debug|Any CPU.ActiveCfg = Debug|iPhone
		{510445CE-4924-454A-8E7B-B692A2A8D3FB}.Debug|ARM.ActiveCfg = Debug|iPhone
		{510445CE-4924-454A-8E7B-B692A2A8D3FB}.Debug|iPhone.ActiveCfg = Debug|iPhone
		{510445CE-4924-454A-8E7B-B692A2A8D3FB}.Debug|iPhone.Build.0 = Debug|iPhone
		{510445CE-4924-454A-8E7B-B692A2A8D3FB}.Debug|iPhoneSimulator.ActiveCfg = Debug|iPhoneSimulator
		{510445CE-4924-454A-8E7B-B692A2A8D3FB}.Debug|iPhoneSimulator.Build.0 = Debug|iPhoneSimulator
		{510445CE-4924-454A-8E7B-B692A2A8D3FB}.Debug|x64.ActiveCfg = Debug|iPhone
		{510445CE-4924-454A-8E7B-B692A2A8D3FB}.Debug|x86.ActiveCfg = Debug|iPhone
		{510445CE-4924-454A-8E7B-B692A2A8D3FB}.Release|Any CPU.ActiveCfg = Release|iPhone
		{510445CE-4924-454A-8E7B-B692A2A8D3FB}.Release|ARM.ActiveCfg = Release|iPhone
		{510445CE-4924-454A-8E7B-B692A2A8D3FB}.Release|iPhone.ActiveCfg = Release|iPhone
		{510445CE-4924-454A-8E7B-B692A2A8D3FB}.Release|iPhone.Build.0 = Release|iPhone
		{510445CE-4924-454A-8E7B-B692A2A8D3FB}.Release|iPhoneSimulator.ActiveCfg = Release|iPhoneSimulator
		{510445CE-4924-454A-8E7B-B692A2A8D3FB}.Release|iPhoneSimulator.Build.0 = Release|iPhoneSimulator
		{510445CE-4924-454A-8E7B-B692A2A8D3FB}.Release|x64.ActiveCfg = Release|iPhone
		{510445CE-4924-454A-8E7B-B692A2A8D3FB}.Release|x86.ActiveCfg = Release|iPhone
	EndGlobalSection
	GlobalSection(SolutionProperties) = preSolution
		HideSolutionNode = FALSE
	EndGlobalSection
EndGlobal
