
Microsoft Visual Studio Solution File, Format Version 12.00
# Visual Studio 15
VisualStudioVersion = 15.0.26430.6
MinimumVisualStudioVersion = 10.0.40219.1
Project("{FAE04EC0-301F-11D3-BF4B-00C04F79EFBC}") = "Lab05.Android", "Lab05\Lab05.Android\Lab05.Android.csproj", "{DB878AC5-9D0E-4A51-9C52-56B898DFD6FD}"
EndProject
Project("{FAE04EC0-301F-11D3-BF4B-00C04F79EFBC}") = "Lab05", "Lab05\Lab05\Lab05.csproj", "{3187D8EE-FF81-4DF0-ABAB-A40C32687ACC}"
EndProject
Global
	GlobalSection(SolutionConfigurationPlatforms) = preSolution
		Ad-Hoc|Any CPU = Ad-Hoc|Any CPU
		Ad-Hoc|ARM = Ad-Hoc|ARM
		Ad-Hoc|iPhone = Ad-Hoc|iPhone
		Ad-Hoc|iPhoneSimulator = Ad-Hoc|iPhoneSimulator
		Ad-Hoc|x64 = Ad-Hoc|x64
		Ad-Hoc|x86 = Ad-Hoc|x86
		AppStore|Any CPU = AppStore|Any CPU
		AppStore|ARM = AppStore|ARM
		AppStore|iPhone = AppStore|iPhone
		AppStore|iPhoneSimulator = AppStore|iPhoneSimulator
		AppStore|x64 = AppStore|x64
		AppStore|x86 = AppStore|x86
		Debug|Any CPU = Debug|Any CPU
		Debug|ARM = Debug|ARM
		Debug|iPhone = Debug|iPhone
		Debug|iPhoneSimulator = Debug|iPhoneSimulator
		Debug|x64 = Debug|x64
		Debug|x86 = Debug|x86
		Release|Any CPU = Release|Any CPU
		Release|ARM = Release|ARM
		Release|iPhone = Release|iPhone
		Release|iPhoneSimulator = Release|iPhoneSimulator
		Release|x64 = Release|x64
		Release|x86 = Release|x86
	EndGlobalSection
	GlobalSection(ProjectConfigurationPlatforms) = postSolution
		{DB878AC5-9D0E-4A51-9C52-56B898DFD6FD}.Ad-Hoc|Any CPU.ActiveCfg = Release|Any CPU
		{DB878AC5-9D0E-4A51-9C52-56B898DFD6FD}.Ad-Hoc|Any CPU.Build.0 = Release|Any CPU
		{DB878AC5-9D0E-4A51-9C52-56B898DFD6FD}.Ad-Hoc|Any CPU.Deploy.0 = Release|Any CPU
		{DB878AC5-9D0E-4A51-9C52-56B898DFD6FD}.Ad-Hoc|ARM.ActiveCfg = Release|Any CPU
		{DB878AC5-9D0E-4A51-9C52-56B898DFD6FD}.Ad-Hoc|ARM.Build.0 = Release|Any CPU
		{DB878AC5-9D0E-4A51-9C52-56B898DFD6FD}.Ad-Hoc|ARM.Deploy.0 = Release|Any CPU
		{DB878AC5-9D0E-4A51-9C52-56B898DFD6FD}.Ad-Hoc|iPhone.ActiveCfg = Release|Any CPU
		{DB878AC5-9D0E-4A51-9C52-56B898DFD6FD}.Ad-Hoc|iPhone.Build.0 = Release|Any CPU
		{DB878AC5-9D0E-4A51-9C52-56B898DFD6FD}.Ad-Hoc|iPhone.Deploy.0 = Release|Any CPU
		{DB878AC5-9D0E-4A51-9C52-56B898DFD6FD}.Ad-Hoc|iPhoneSimulator.ActiveCfg = Release|Any CPU
		{DB878AC5-9D0E-4A51-9C52-56B898DFD6FD}.Ad-Hoc|iPhoneSimulator.Build.0 = Release|Any CPU
		{DB878AC5-9D0E-4A51-9C52-56B898DFD6FD}.Ad-Hoc|iPhoneSimulator.Deploy.0 = Release|Any CPU
		{DB878AC5-9D0E-4A51-9C52-56B898DFD6FD}.Ad-Hoc|x64.ActiveCfg = Release|Any CPU
		{DB878AC5-9D0E-4A51-9C52-56B898DFD6FD}.Ad-Hoc|x64.Build.0 = Release|Any CPU
		{DB878AC5-9D0E-4A51-9C52-56B898DFD6FD}.Ad-Hoc|x64.Deploy.0 = Release|Any CPU
		{DB878AC5-9D0E-4A51-9C52-56B898DFD6FD}.Ad-Hoc|x86.ActiveCfg = Release|Any CPU
		{DB878AC5-9D0E-4A51-9C52-56B898DFD6FD}.Ad-Hoc|x86.Build.0 = Release|Any CPU
		{DB878AC5-9D0E-4A51-9C52-56B898DFD6FD}.Ad-Hoc|x86.Deploy.0 = Release|Any CPU
		{DB878AC5-9D0E-4A51-9C52-56B898DFD6FD}.AppStore|Any CPU.ActiveCfg = Release|Any CPU
		{DB878AC5-9D0E-4A51-9C52-56B898DFD6FD}.AppStore|Any CPU.Build.0 = Release|Any CPU
		{DB878AC5-9D0E-4A51-9C52-56B898DFD6FD}.AppStore|Any CPU.Deploy.0 = Release|Any CPU
		{DB878AC5-9D0E-4A51-9C52-56B898DFD6FD}.AppStore|ARM.ActiveCfg = Release|Any CPU
		{DB878AC5-9D0E-4A51-9C52-56B898DFD6FD}.AppStore|ARM.Build.0 = Release|Any CPU
		{DB878AC5-9D0E-4A51-9C52-56B898DFD6FD}.AppStore|ARM.Deploy.0 = Release|Any CPU
		{DB878AC5-9D0E-4A51-9C52-56B898DFD6FD}.AppStore|iPhone.ActiveCfg = Release|Any CPU
		{DB878AC5-9D0E-4A51-9C52-56B898DFD6FD}.AppStore|iPhone.Build.0 = Release|Any CPU
		{DB878AC5-9D0E-4A51-9C52-56B898DFD6FD}.AppStore|iPhone.Deploy.0 = Release|Any CPU
		{DB878AC5-9D0E-4A51-9C52-56B898DFD6FD}.AppStore|iPhoneSimulator.ActiveCfg = Release|Any CPU
		{DB878AC5-9D0E-4A51-9C52-56B898DFD6FD}.AppStore|iPhoneSimulator.Build.0 = Release|Any CPU
		{DB878AC5-9D0E-4A51-9C52-56B898DFD6FD}.AppStore|iPhoneSimulator.Deploy.0 = Release|Any CPU
		{DB878AC5-9D0E-4A51-9C52-56B898DFD6FD}.AppStore|x64.ActiveCfg = Release|Any CPU
		{DB878AC5-9D0E-4A51-9C52-56B898DFD6FD}.AppStore|x64.Build.0 = Release|Any CPU
		{DB878AC5-9D0E-4A51-9C52-56B898DFD6FD}.AppStore|x64.Deploy.0 = Release|Any CPU
		{DB878AC5-9D0E-4A51-9C52-56B898DFD6FD}.AppStore|x86.ActiveCfg = Release|Any CPU
		{DB878AC5-9D0E-4A51-9C52-56B898DFD6FD}.AppStore|x86.Build.0 = Release|Any CPU
		{DB878AC5-9D0E-4A51-9C52-56B898DFD6FD}.AppStore|x86.Deploy.0 = Release|Any CPU
		{DB878AC5-9D0E-4A51-9C52-56B898DFD6FD}.Debug|Any CPU.ActiveCfg = Debug|Any CPU
		{DB878AC5-9D0E-4A51-9C52-56B898DFD6FD}.Debug|Any CPU.Build.0 = Debug|Any CPU
		{DB878AC5-9D0E-4A51-9C52-56B898DFD6FD}.Debug|Any CPU.Deploy.0 = Debug|Any CPU
		{DB878AC5-9D0E-4A51-9C52-56B898DFD6FD}.Debug|ARM.ActiveCfg = Debug|Any CPU
		{DB878AC5-9D0E-4A51-9C52-56B898DFD6FD}.Debug|ARM.Build.0 = Debug|Any CPU
		{DB878AC5-9D0E-4A51-9C52-56B898DFD6FD}.Debug|ARM.Deploy.0 = Debug|Any CPU
		{DB878AC5-9D0E-4A51-9C52-56B898DFD6FD}.Debug|iPhone.ActiveCfg = Debug|Any CPU
		{DB878AC5-9D0E-4A51-9C52-56B898DFD6FD}.Debug|iPhone.Build.0 = Debug|Any CPU
		{DB878AC5-9D0E-4A51-9C52-56B898DFD6FD}.Debug|iPhone.Deploy.0 = Debug|Any CPU
		{DB878AC5-9D0E-4A51-9C52-56B898DFD6FD}.Debug|iPhoneSimulator.ActiveCfg = Debug|Any CPU
		{DB878AC5-9D0E-4A51-9C52-56B898DFD6FD}.Debug|iPhoneSimulator.Build.0 = Debug|Any CPU
		{DB878AC5-9D0E-4A51-9C52-56B898DFD6FD}.Debug|iPhoneSimulator.Deploy.0 = Debug|Any CPU
		{DB878AC5-9D0E-4A51-9C52-56B898DFD6FD}.Debug|x64.ActiveCfg = Debug|Any CPU
		{DB878AC5-9D0E-4A51-9C52-56B898DFD6FD}.Debug|x64.Build.0 = Debug|Any CPU
		{DB878AC5-9D0E-4A51-9C52-56B898DFD6FD}.Debug|x64.Deploy.0 = Debug|Any CPU
		{DB878AC5-9D0E-4A51-9C52-56B898DFD6FD}.Debug|x86.ActiveCfg = Debug|Any CPU
		{DB878AC5-9D0E-4A51-9C52-56B898DFD6FD}.Debug|x86.Build.0 = Debug|Any CPU
		{DB878AC5-9D0E-4A51-9C52-56B898DFD6FD}.Debug|x86.Deploy.0 = Debug|Any CPU
		{DB878AC5-9D0E-4A51-9C52-56B898DFD6FD}.Release|Any CPU.ActiveCfg = Release|Any CPU
		{DB878AC5-9D0E-4A51-9C52-56B898DFD6FD}.Release|Any CPU.Build.0 = Release|Any CPU
		{DB878AC5-9D0E-4A51-9C52-56B898DFD6FD}.Release|Any CPU.Deploy.0 = Release|Any CPU
		{DB878AC5-9D0E-4A51-9C52-56B898DFD6FD}.Release|ARM.ActiveCfg = Release|Any CPU
		{DB878AC5-9D0E-4A51-9C52-56B898DFD6FD}.Release|ARM.Build.0 = Release|Any CPU
		{DB878AC5-9D0E-4A51-9C52-56B898DFD6FD}.Release|ARM.Deploy.0 = Release|Any CPU
		{DB878AC5-9D0E-4A51-9C52-56B898DFD6FD}.Release|iPhone.ActiveCfg = Release|Any CPU
		{DB878AC5-9D0E-4A51-9C52-56B898DFD6FD}.Release|iPhone.Build.0 = Release|Any CPU
		{DB878AC5-9D0E-4A51-9C52-56B898DFD6FD}.Release|iPhone.Deploy.0 = Release|Any CPU
		{DB878AC5-9D0E-4A51-9C52-56B898DFD6FD}.Release|iPhoneSimulator.ActiveCfg = Release|Any CPU
		{DB878AC5-9D0E-4A51-9C52-56B898DFD6FD}.Release|iPhoneSimulator.Build.0 = Release|Any CPU
		{DB878AC5-9D0E-4A51-9C52-56B898DFD6FD}.Release|iPhoneSimulator.Deploy.0 = Release|Any CPU
		{DB878AC5-9D0E-4A51-9C52-56B898DFD6FD}.Release|x64.ActiveCfg = Release|Any CPU
		{DB878AC5-9D0E-4A51-9C52-56B898DFD6FD}.Release|x64.Build.0 = Release|Any CPU
		{DB878AC5-9D0E-4A51-9C52-56B898DFD6FD}.Release|x64.Deploy.0 = Release|Any CPU
		{DB878AC5-9D0E-4A51-9C52-56B898DFD6FD}.Release|x86.ActiveCfg = Release|Any CPU
		{DB878AC5-9D0E-4A51-9C52-56B898DFD6FD}.Release|x86.Build.0 = Release|Any CPU
		{DB878AC5-9D0E-4A51-9C52-56B898DFD6FD}.Release|x86.Deploy.0 = Release|Any CPU
		{3187D8EE-FF81-4DF0-ABAB-A40C32687ACC}.Ad-Hoc|Any CPU.ActiveCfg = Release|Any CPU
		{3187D8EE-FF81-4DF0-ABAB-A40C32687ACC}.Ad-Hoc|Any CPU.Build.0 = Release|Any CPU
		{3187D8EE-FF81-4DF0-ABAB-A40C32687ACC}.Ad-Hoc|ARM.ActiveCfg = Release|Any CPU
		{3187D8EE-FF81-4DF0-ABAB-A40C32687ACC}.Ad-Hoc|ARM.Build.0 = Release|Any CPU
		{3187D8EE-FF81-4DF0-ABAB-A40C32687ACC}.Ad-Hoc|iPhone.ActiveCfg = Release|Any CPU
		{3187D8EE-FF81-4DF0-ABAB-A40C32687ACC}.Ad-Hoc|iPhone.Build.0 = Release|Any CPU
		{3187D8EE-FF81-4DF0-ABAB-A40C32687ACC}.Ad-Hoc|iPhoneSimulator.ActiveCfg = Release|Any CPU
		{3187D8EE-FF81-4DF0-ABAB-A40C32687ACC}.Ad-Hoc|iPhoneSimulator.Build.0 = Release|Any CPU
		{3187D8EE-FF81-4DF0-ABAB-A40C32687ACC}.Ad-Hoc|x64.ActiveCfg = Release|Any CPU
		{3187D8EE-FF81-4DF0-ABAB-A40C32687ACC}.Ad-Hoc|x64.Build.0 = Release|Any CPU
		{3187D8EE-FF81-4DF0-ABAB-A40C32687ACC}.Ad-Hoc|x86.ActiveCfg = Release|Any CPU
		{3187D8EE-FF81-4DF0-ABAB-A40C32687ACC}.Ad-Hoc|x86.Build.0 = Release|Any CPU
		{3187D8EE-FF81-4DF0-ABAB-A40C32687ACC}.AppStore|Any CPU.ActiveCfg = Release|Any CPU
		{3187D8EE-FF81-4DF0-ABAB-A40C32687ACC}.AppStore|Any CPU.Build.0 = Release|Any CPU
		{3187D8EE-FF81-4DF0-ABAB-A40C32687ACC}.AppStore|ARM.ActiveCfg = Release|Any CPU
		{3187D8EE-FF81-4DF0-ABAB-A40C32687ACC}.AppStore|ARM.Build.0 = Release|Any CPU
		{3187D8EE-FF81-4DF0-ABAB-A40C32687ACC}.AppStore|iPhone.ActiveCfg = Release|Any CPU
		{3187D8EE-FF81-4DF0-ABAB-A40C32687ACC}.AppStore|iPhone.Build.0 = Release|Any CPU
		{3187D8EE-FF81-4DF0-ABAB-A40C32687ACC}.AppStore|iPhoneSimulator.ActiveCfg = Release|Any CPU
		{3187D8EE-FF81-4DF0-ABAB-A40C32687ACC}.AppStore|iPhoneSimulator.Build.0 = Release|Any CPU
		{3187D8EE-FF81-4DF0-ABAB-A40C32687ACC}.AppStore|x64.ActiveCfg = Release|Any CPU
		{3187D8EE-FF81-4DF0-ABAB-A40C32687ACC}.AppStore|x64.Build.0 = Release|Any CPU
		{3187D8EE-FF81-4DF0-ABAB-A40C32687ACC}.AppStore|x86.ActiveCfg = Release|Any CPU
		{3187D8EE-FF81-4DF0-ABAB-A40C32687ACC}.AppStore|x86.Build.0 = Release|Any CPU
		{3187D8EE-FF81-4DF0-ABAB-A40C32687ACC}.Debug|Any CPU.ActiveCfg = Debug|Any CPU
		{3187D8EE-FF81-4DF0-ABAB-A40C32687ACC}.Debug|Any CPU.Build.0 = Debug|Any CPU
		{3187D8EE-FF81-4DF0-ABAB-A40C32687ACC}.Debug|ARM.ActiveCfg = Debug|Any CPU
		{3187D8EE-FF81-4DF0-ABAB-A40C32687ACC}.Debug|ARM.Build.0 = Debug|Any CPU
		{3187D8EE-FF81-4DF0-ABAB-A40C32687ACC}.Debug|iPhone.ActiveCfg = Debug|Any CPU
		{3187D8EE-FF81-4DF0-ABAB-A40C32687ACC}.Debug|iPhone.Build.0 = Debug|Any CPU
		{3187D8EE-FF81-4DF0-ABAB-A40C32687ACC}.Debug|iPhoneSimulator.ActiveCfg = Debug|Any CPU
		{3187D8EE-FF81-4DF0-ABAB-A40C32687ACC}.Debug|iPhoneSimulator.Build.0 = Debug|Any CPU
		{3187D8EE-FF81-4DF0-ABAB-A40C32687ACC}.Debug|x64.ActiveCfg = Debug|Any CPU
		{3187D8EE-FF81-4DF0-ABAB-A40C32687ACC}.Debug|x64.Build.0 = Debug|Any CPU
		{3187D8EE-FF81-4DF0-ABAB-A40C32687ACC}.Debug|x86.ActiveCfg = Debug|Any CPU
		{3187D8EE-FF81-4DF0-ABAB-A40C32687ACC}.Debug|x86.Build.0 = Debug|Any CPU
		{3187D8EE-FF81-4DF0-ABAB-A40C32687ACC}.Release|Any CPU.ActiveCfg = Release|Any CPU
		{3187D8EE-FF81-4DF0-ABAB-A40C32687ACC}.Release|Any CPU.Build.0 = Release|Any CPU
		{3187D8EE-FF81-4DF0-ABAB-A40C32687ACC}.Release|ARM.ActiveCfg = Release|Any CPU
		{3187D8EE-FF81-4DF0-ABAB-A40C32687ACC}.Release|ARM.Build.0 = Release|Any CPU
		{3187D8EE-FF81-4DF0-ABAB-A40C32687ACC}.Release|iPhone.ActiveCfg = Release|Any CPU
		{3187D8EE-FF81-4DF0-ABAB-A40C32687ACC}.Release|iPhone.Build.0 = Release|Any CPU
		{3187D8EE-FF81-4DF0-ABAB-A40C32687ACC}.Release|iPhoneSimulator.ActiveCfg = Release|Any CPU
		{3187D8EE-FF81-4DF0-ABAB-A40C32687ACC}.Release|iPhoneSimulator.Build.0 = Release|Any CPU
		{3187D8EE-FF81-4DF0-ABAB-A40C32687ACC}.Release|x64.ActiveCfg = Release|Any CPU
		{3187D8EE-FF81-4DF0-ABAB-A40C32687ACC}.Release|x64.Build.0 = Release|Any CPU
		{3187D8EE-FF81-4DF0-ABAB-A40C32687ACC}.Release|x86.ActiveCfg = Release|Any CPU
		{3187D8EE-FF81-4DF0-ABAB-A40C32687ACC}.Release|x86.Build.0 = Release|Any CPU
	EndGlobalSection
	GlobalSection(SolutionProperties) = preSolution
		HideSolutionNode = FALSE
	EndGlobalSection
EndGlobal
