
Microsoft Visual Studio Solution File, Format Version 12.00
# Visual Studio 15
VisualStudioVersion = 15.0.26430.6
MinimumVisualStudioVersion = 10.0.40219.1
Project("{FAE04EC0-301F-11D3-BF4B-00C04F79EFBC}") = "Lab03.Android", "Lab03\Lab03.Android\Lab03.Android.csproj", "{58BCAC1C-69CF-4FC9-8C20-172728C6085A}"
EndProject
Project("{FAE04EC0-301F-11D3-BF4B-00C04F79EFBC}") = "Lab03", "Lab03\Lab03\Lab03.csproj", "{045B1F41-2753-4976-803B-5C3E08A03F69}"
EndProject
Project("{FAE04EC0-301F-11D3-BF4B-00C04F79EFBC}") = "Lab03.UWP", "Lab03\Lab03.UWP\Lab03.UWP.csproj", "{8A83AF03-96E8-4721-8ACB-87D1F57421FC}"
EndProject
Global
	GlobalSection(SolutionConfigurationPlatforms) = preSolution
		Ad-Hoc|Any CPU = Ad-Hoc|Any CPU
		Ad-Hoc|ARM = Ad-Hoc|ARM
		Ad-Hoc|iPhone = Ad-Hoc|iPhone
		Ad-Hoc|iPhoneSimulator = Ad-Hoc|iPhoneSimulator
		Ad-Hoc|x64 = Ad-Hoc|x64
		Ad-Hoc|x86 = Ad-Hoc|x86
		AppStore|Any CPU = AppStore|Any CPU
		AppStore|ARM = AppStore|ARM
		AppStore|iPhone = AppStore|iPhone
		AppStore|iPhoneSimulator = AppStore|iPhoneSimulator
		AppStore|x64 = AppStore|x64
		AppStore|x86 = AppStore|x86
		Debug|Any CPU = Debug|Any CPU
		Debug|ARM = Debug|ARM
		Debug|iPhone = Debug|iPhone
		Debug|iPhoneSimulator = Debug|iPhoneSimulator
		Debug|x64 = Debug|x64
		Debug|x86 = Debug|x86
		Release|Any CPU = Release|Any CPU
		Release|ARM = Release|ARM
		Release|iPhone = Release|iPhone
		Release|iPhoneSimulator = Release|iPhoneSimulator
		Release|x64 = Release|x64
		Release|x86 = Release|x86
	EndGlobalSection
	GlobalSection(ProjectConfigurationPlatforms) = postSolution
		{58BCAC1C-69CF-4FC9-8C20-172728C6085A}.Ad-Hoc|Any CPU.ActiveCfg = Release|Any CPU
		{58BCAC1C-69CF-4FC9-8C20-172728C6085A}.Ad-Hoc|Any CPU.Build.0 = Release|Any CPU
		{58BCAC1C-69CF-4FC9-8C20-172728C6085A}.Ad-Hoc|Any CPU.Deploy.0 = Release|Any CPU
		{58BCAC1C-69CF-4FC9-8C20-172728C6085A}.Ad-Hoc|ARM.ActiveCfg = Release|Any CPU
		{58BCAC1C-69CF-4FC9-8C20-172728C6085A}.Ad-Hoc|ARM.Build.0 = Release|Any CPU
		{58BCAC1C-69CF-4FC9-8C20-172728C6085A}.Ad-Hoc|ARM.Deploy.0 = Release|Any CPU
		{58BCAC1C-69CF-4FC9-8C20-172728C6085A}.Ad-Hoc|iPhone.ActiveCfg = Release|Any CPU
		{58BCAC1C-69CF-4FC9-8C20-172728C6085A}.Ad-Hoc|iPhone.Build.0 = Release|Any CPU
		{58BCAC1C-69CF-4FC9-8C20-172728C6085A}.Ad-Hoc|iPhone.Deploy.0 = Release|Any CPU
		{58BCAC1C-69CF-4FC9-8C20-172728C6085A}.Ad-Hoc|iPhoneSimulator.ActiveCfg = Release|Any CPU
		{58BCAC1C-69CF-4FC9-8C20-172728C6085A}.Ad-Hoc|iPhoneSimulator.Build.0 = Release|Any CPU
		{58BCAC1C-69CF-4FC9-8C20-172728C6085A}.Ad-Hoc|iPhoneSimulator.Deploy.0 = Release|Any CPU
		{58BCAC1C-69CF-4FC9-8C20-172728C6085A}.Ad-Hoc|x64.ActiveCfg = Release|Any CPU
		{58BCAC1C-69CF-4FC9-8C20-172728C6085A}.Ad-Hoc|x64.Build.0 = Release|Any CPU
		{58BCAC1C-69CF-4FC9-8C20-172728C6085A}.Ad-Hoc|x64.Deploy.0 = Release|Any CPU
		{58BCAC1C-69CF-4FC9-8C20-172728C6085A}.Ad-Hoc|x86.ActiveCfg = Release|Any CPU
		{58BCAC1C-69CF-4FC9-8C20-172728C6085A}.Ad-Hoc|x86.Build.0 = Release|Any CPU
		{58BCAC1C-69CF-4FC9-8C20-172728C6085A}.Ad-Hoc|x86.Deploy.0 = Release|Any CPU
		{58BCAC1C-69CF-4FC9-8C20-172728C6085A}.AppStore|Any CPU.ActiveCfg = Release|Any CPU
		{58BCAC1C-69CF-4FC9-8C20-172728C6085A}.AppStore|Any CPU.Build.0 = Release|Any CPU
		{58BCAC1C-69CF-4FC9-8C20-172728C6085A}.AppStore|Any CPU.Deploy.0 = Release|Any CPU
		{58BCAC1C-69CF-4FC9-8C20-172728C6085A}.AppStore|ARM.ActiveCfg = Release|Any CPU
		{58BCAC1C-69CF-4FC9-8C20-172728C6085A}.AppStore|ARM.Build.0 = Release|Any CPU
		{58BCAC1C-69CF-4FC9-8C20-172728C6085A}.AppStore|ARM.Deploy.0 = Release|Any CPU
		{58BCAC1C-69CF-4FC9-8C20-172728C6085A}.AppStore|iPhone.ActiveCfg = Release|Any CPU
		{58BCAC1C-69CF-4FC9-8C20-172728C6085A}.AppStore|iPhone.Build.0 = Release|Any CPU
		{58BCAC1C-69CF-4FC9-8C20-172728C6085A}.AppStore|iPhone.Deploy.0 = Release|Any CPU
		{58BCAC1C-69CF-4FC9-8C20-172728C6085A}.AppStore|iPhoneSimulator.ActiveCfg = Release|Any CPU
		{58BCAC1C-69CF-4FC9-8C20-172728C6085A}.AppStore|iPhoneSimulator.Build.0 = Release|Any CPU
		{58BCAC1C-69CF-4FC9-8C20-172728C6085A}.AppStore|iPhoneSimulator.Deploy.0 = Release|Any CPU
		{58BCAC1C-69CF-4FC9-8C20-172728C6085A}.AppStore|x64.ActiveCfg = Release|Any CPU
		{58BCAC1C-69CF-4FC9-8C20-172728C6085A}.AppStore|x64.Build.0 = Release|Any CPU
		{58BCAC1C-69CF-4FC9-8C20-172728C6085A}.AppStore|x64.Deploy.0 = Release|Any CPU
		{58BCAC1C-69CF-4FC9-8C20-172728C6085A}.AppStore|x86.ActiveCfg = Release|Any CPU
		{58BCAC1C-69CF-4FC9-8C20-172728C6085A}.AppStore|x86.Build.0 = Release|Any CPU
		{58BCAC1C-69CF-4FC9-8C20-172728C6085A}.AppStore|x86.Deploy.0 = Release|Any CPU
		{58BCAC1C-69CF-4FC9-8C20-172728C6085A}.Debug|Any CPU.ActiveCfg = Debug|Any CPU
		{58BCAC1C-69CF-4FC9-8C20-172728C6085A}.Debug|Any CPU.Build.0 = Debug|Any CPU
		{58BCAC1C-69CF-4FC9-8C20-172728C6085A}.Debug|Any CPU.Deploy.0 = Debug|Any CPU
		{58BCAC1C-69CF-4FC9-8C20-172728C6085A}.Debug|ARM.ActiveCfg = Debug|Any CPU
		{58BCAC1C-69CF-4FC9-8C20-172728C6085A}.Debug|ARM.Build.0 = Debug|Any CPU
		{58BCAC1C-69CF-4FC9-8C20-172728C6085A}.Debug|ARM.Deploy.0 = Debug|Any CPU
		{58BCAC1C-69CF-4FC9-8C20-172728C6085A}.Debug|iPhone.ActiveCfg = Debug|Any CPU
		{58BCAC1C-69CF-4FC9-8C20-172728C6085A}.Debug|iPhone.Build.0 = Debug|Any CPU
		{58BCAC1C-69CF-4FC9-8C20-172728C6085A}.Debug|iPhone.Deploy.0 = Debug|Any CPU
		{58BCAC1C-69CF-4FC9-8C20-172728C6085A}.Debug|iPhoneSimulator.ActiveCfg = Debug|Any CPU
		{58BCAC1C-69CF-4FC9-8C20-172728C6085A}.Debug|iPhoneSimulator.Build.0 = Debug|Any CPU
		{58BCAC1C-69CF-4FC9-8C20-172728C6085A}.Debug|iPhoneSimulator.Deploy.0 = Debug|Any CPU
		{58BCAC1C-69CF-4FC9-8C20-172728C6085A}.Debug|x64.ActiveCfg = Debug|Any CPU
		{58BCAC1C-69CF-4FC9-8C20-172728C6085A}.Debug|x64.Build.0 = Debug|Any CPU
		{58BCAC1C-69CF-4FC9-8C20-172728C6085A}.Debug|x64.Deploy.0 = Debug|Any CPU
		{58BCAC1C-69CF-4FC9-8C20-172728C6085A}.Debug|x86.ActiveCfg = Debug|Any CPU
		{58BCAC1C-69CF-4FC9-8C20-172728C6085A}.Debug|x86.Build.0 = Debug|Any CPU
		{58BCAC1C-69CF-4FC9-8C20-172728C6085A}.Debug|x86.Deploy.0 = Debug|Any CPU
		{58BCAC1C-69CF-4FC9-8C20-172728C6085A}.Release|Any CPU.ActiveCfg = Release|Any CPU
		{58BCAC1C-69CF-4FC9-8C20-172728C6085A}.Release|Any CPU.Build.0 = Release|Any CPU
		{58BCAC1C-69CF-4FC9-8C20-172728C6085A}.Release|Any CPU.Deploy.0 = Release|Any CPU
		{58BCAC1C-69CF-4FC9-8C20-172728C6085A}.Release|ARM.ActiveCfg = Release|Any CPU
		{58BCAC1C-69CF-4FC9-8C20-172728C6085A}.Release|ARM.Build.0 = Release|Any CPU
		{58BCAC1C-69CF-4FC9-8C20-172728C6085A}.Release|ARM.Deploy.0 = Release|Any CPU
		{58BCAC1C-69CF-4FC9-8C20-172728C6085A}.Release|iPhone.ActiveCfg = Release|Any CPU
		{58BCAC1C-69CF-4FC9-8C20-172728C6085A}.Release|iPhone.Build.0 = Release|Any CPU
		{58BCAC1C-69CF-4FC9-8C20-172728C6085A}.Release|iPhone.Deploy.0 = Release|Any CPU
		{58BCAC1C-69CF-4FC9-8C20-172728C6085A}.Release|iPhoneSimulator.ActiveCfg = Release|Any CPU
		{58BCAC1C-69CF-4FC9-8C20-172728C6085A}.Release|iPhoneSimulator.Build.0 = Release|Any CPU
		{58BCAC1C-69CF-4FC9-8C20-172728C6085A}.Release|iPhoneSimulator.Deploy.0 = Release|Any CPU
		{58BCAC1C-69CF-4FC9-8C20-172728C6085A}.Release|x64.ActiveCfg = Release|Any CPU
		{58BCAC1C-69CF-4FC9-8C20-172728C6085A}.Release|x64.Build.0 = Release|Any CPU
		{58BCAC1C-69CF-4FC9-8C20-172728C6085A}.Release|x64.Deploy.0 = Release|Any CPU
		{58BCAC1C-69CF-4FC9-8C20-172728C6085A}.Release|x86.ActiveCfg = Release|Any CPU
		{58BCAC1C-69CF-4FC9-8C20-172728C6085A}.Release|x86.Build.0 = Release|Any CPU
		{58BCAC1C-69CF-4FC9-8C20-172728C6085A}.Release|x86.Deploy.0 = Release|Any CPU
		{045B1F41-2753-4976-803B-5C3E08A03F69}.Ad-Hoc|Any CPU.ActiveCfg = Release|Any CPU
		{045B1F41-2753-4976-803B-5C3E08A03F69}.Ad-Hoc|Any CPU.Build.0 = Release|Any CPU
		{045B1F41-2753-4976-803B-5C3E08A03F69}.Ad-Hoc|ARM.ActiveCfg = Release|Any CPU
		{045B1F41-2753-4976-803B-5C3E08A03F69}.Ad-Hoc|ARM.Build.0 = Release|Any CPU
		{045B1F41-2753-4976-803B-5C3E08A03F69}.Ad-Hoc|iPhone.ActiveCfg = Release|Any CPU
		{045B1F41-2753-4976-803B-5C3E08A03F69}.Ad-Hoc|iPhone.Build.0 = Release|Any CPU
		{045B1F41-2753-4976-803B-5C3E08A03F69}.Ad-Hoc|iPhoneSimulator.ActiveCfg = Release|Any CPU
		{045B1F41-2753-4976-803B-5C3E08A03F69}.Ad-Hoc|iPhoneSimulator.Build.0 = Release|Any CPU
		{045B1F41-2753-4976-803B-5C3E08A03F69}.Ad-Hoc|x64.ActiveCfg = Release|Any CPU
		{045B1F41-2753-4976-803B-5C3E08A03F69}.Ad-Hoc|x64.Build.0 = Release|Any CPU
		{045B1F41-2753-4976-803B-5C3E08A03F69}.Ad-Hoc|x86.ActiveCfg = Release|Any CPU
		{045B1F41-2753-4976-803B-5C3E08A03F69}.Ad-Hoc|x86.Build.0 = Release|Any CPU
		{045B1F41-2753-4976-803B-5C3E08A03F69}.AppStore|Any CPU.ActiveCfg = Release|Any CPU
		{045B1F41-2753-4976-803B-5C3E08A03F69}.AppStore|Any CPU.Build.0 = Release|Any CPU
		{045B1F41-2753-4976-803B-5C3E08A03F69}.AppStore|ARM.ActiveCfg = Release|Any CPU
		{045B1F41-2753-4976-803B-5C3E08A03F69}.AppStore|ARM.Build.0 = Release|Any CPU
		{045B1F41-2753-4976-803B-5C3E08A03F69}.AppStore|iPhone.ActiveCfg = Release|Any CPU
		{045B1F41-2753-4976-803B-5C3E08A03F69}.AppStore|iPhone.Build.0 = Release|Any CPU
		{045B1F41-2753-4976-803B-5C3E08A03F69}.AppStore|iPhoneSimulator.ActiveCfg = Release|Any CPU
		{045B1F41-2753-4976-803B-5C3E08A03F69}.AppStore|iPhoneSimulator.Build.0 = Release|Any CPU
		{045B1F41-2753-4976-803B-5C3E08A03F69}.AppStore|x64.ActiveCfg = Release|Any CPU
		{045B1F41-2753-4976-803B-5C3E08A03F69}.AppStore|x64.Build.0 = Release|Any CPU
		{045B1F41-2753-4976-803B-5C3E08A03F69}.AppStore|x86.ActiveCfg = Release|Any CPU
		{045B1F41-2753-4976-803B-5C3E08A03F69}.AppStore|x86.Build.0 = Release|Any CPU
		{045B1F41-2753-4976-803B-5C3E08A03F69}.Debug|Any CPU.ActiveCfg = Debug|Any CPU
		{045B1F41-2753-4976-803B-5C3E08A03F69}.Debug|Any CPU.Build.0 = Debug|Any CPU
		{045B1F41-2753-4976-803B-5C3E08A03F69}.Debug|ARM.ActiveCfg = Debug|Any CPU
		{045B1F41-2753-4976-803B-5C3E08A03F69}.Debug|ARM.Build.0 = Debug|Any CPU
		{045B1F41-2753-4976-803B-5C3E08A03F69}.Debug|iPhone.ActiveCfg = Debug|Any CPU
		{045B1F41-2753-4976-803B-5C3E08A03F69}.Debug|iPhone.Build.0 = Debug|Any CPU
		{045B1F41-2753-4976-803B-5C3E08A03F69}.Debug|iPhoneSimulator.ActiveCfg = Debug|Any CPU
		{045B1F41-2753-4976-803B-5C3E08A03F69}.Debug|iPhoneSimulator.Build.0 = Debug|Any CPU
		{045B1F41-2753-4976-803B-5C3E08A03F69}.Debug|x64.ActiveCfg = Debug|Any CPU
		{045B1F41-2753-4976-803B-5C3E08A03F69}.Debug|x64.Build.0 = Debug|Any CPU
		{045B1F41-2753-4976-803B-5C3E08A03F69}.Debug|x86.ActiveCfg = Debug|Any CPU
		{045B1F41-2753-4976-803B-5C3E08A03F69}.Debug|x86.Build.0 = Debug|Any CPU
		{045B1F41-2753-4976-803B-5C3E08A03F69}.Release|Any CPU.ActiveCfg = Release|Any CPU
		{045B1F41-2753-4976-803B-5C3E08A03F69}.Release|Any CPU.Build.0 = Release|Any CPU
		{045B1F41-2753-4976-803B-5C3E08A03F69}.Release|ARM.ActiveCfg = Release|Any CPU
		{045B1F41-2753-4976-803B-5C3E08A03F69}.Release|ARM.Build.0 = Release|Any CPU
		{045B1F41-2753-4976-803B-5C3E08A03F69}.Release|iPhone.ActiveCfg = Release|Any CPU
		{045B1F41-2753-4976-803B-5C3E08A03F69}.Release|iPhone.Build.0 = Release|Any CPU
		{045B1F41-2753-4976-803B-5C3E08A03F69}.Release|iPhoneSimulator.ActiveCfg = Release|Any CPU
		{045B1F41-2753-4976-803B-5C3E08A03F69}.Release|iPhoneSimulator.Build.0 = Release|Any CPU
		{045B1F41-2753-4976-803B-5C3E08A03F69}.Release|x64.ActiveCfg = Release|Any CPU
		{045B1F41-2753-4976-803B-5C3E08A03F69}.Release|x64.Build.0 = Release|Any CPU
		{045B1F41-2753-4976-803B-5C3E08A03F69}.Release|x86.ActiveCfg = Release|Any CPU
		{045B1F41-2753-4976-803B-5C3E08A03F69}.Release|x86.Build.0 = Release|Any CPU
		{8A83AF03-96E8-4721-8ACB-87D1F57421FC}.Ad-Hoc|Any CPU.ActiveCfg = Release|x86
		{8A83AF03-96E8-4721-8ACB-87D1F57421FC}.Ad-Hoc|Any CPU.Build.0 = Release|x86
		{8A83AF03-96E8-4721-8ACB-87D1F57421FC}.Ad-Hoc|Any CPU.Deploy.0 = Release|x86
		{8A83AF03-96E8-4721-8ACB-87D1F57421FC}.Ad-Hoc|ARM.ActiveCfg = Release|ARM
		{8A83AF03-96E8-4721-8ACB-87D1F57421FC}.Ad-Hoc|ARM.Build.0 = Release|ARM
		{8A83AF03-96E8-4721-8ACB-87D1F57421FC}.Ad-Hoc|ARM.Deploy.0 = Release|ARM
		{8A83AF03-96E8-4721-8ACB-87D1F57421FC}.Ad-Hoc|iPhone.ActiveCfg = Release|x86
		{8A83AF03-96E8-4721-8ACB-87D1F57421FC}.Ad-Hoc|iPhone.Build.0 = Release|x86
		{8A83AF03-96E8-4721-8ACB-87D1F57421FC}.Ad-Hoc|iPhone.Deploy.0 = Release|x86
		{8A83AF03-96E8-4721-8ACB-87D1F57421FC}.Ad-Hoc|iPhoneSimulator.ActiveCfg = Release|x86
		{8A83AF03-96E8-4721-8ACB-87D1F57421FC}.Ad-Hoc|iPhoneSimulator.Build.0 = Release|x86
		{8A83AF03-96E8-4721-8ACB-87D1F57421FC}.Ad-Hoc|iPhoneSimulator.Deploy.0 = Release|x86
		{8A83AF03-96E8-4721-8ACB-87D1F57421FC}.Ad-Hoc|x64.ActiveCfg = Release|x64
		{8A83AF03-96E8-4721-8ACB-87D1F57421FC}.Ad-Hoc|x64.Build.0 = Release|x64
		{8A83AF03-96E8-4721-8ACB-87D1F57421FC}.Ad-Hoc|x64.Deploy.0 = Release|x64
		{8A83AF03-96E8-4721-8ACB-87D1F57421FC}.Ad-Hoc|x86.ActiveCfg = Release|x86
		{8A83AF03-96E8-4721-8ACB-87D1F57421FC}.Ad-Hoc|x86.Build.0 = Release|x86
		{8A83AF03-96E8-4721-8ACB-87D1F57421FC}.Ad-Hoc|x86.Deploy.0 = Release|x86
		{8A83AF03-96E8-4721-8ACB-87D1F57421FC}.AppStore|Any CPU.ActiveCfg = Release|x86
		{8A83AF03-96E8-4721-8ACB-87D1F57421FC}.AppStore|Any CPU.Build.0 = Release|x86
		{8A83AF03-96E8-4721-8ACB-87D1F57421FC}.AppStore|Any CPU.Deploy.0 = Release|x86
		{8A83AF03-96E8-4721-8ACB-87D1F57421FC}.AppStore|ARM.ActiveCfg = Release|ARM
		{8A83AF03-96E8-4721-8ACB-87D1F57421FC}.AppStore|ARM.Build.0 = Release|ARM
		{8A83AF03-96E8-4721-8ACB-87D1F57421FC}.AppStore|ARM.Deploy.0 = Release|ARM
		{8A83AF03-96E8-4721-8ACB-87D1F57421FC}.AppStore|iPhone.ActiveCfg = Release|x86
		{8A83AF03-96E8-4721-8ACB-87D1F57421FC}.AppStore|iPhone.Build.0 = Release|x86
		{8A83AF03-96E8-4721-8ACB-87D1F57421FC}.AppStore|iPhone.Deploy.0 = Release|x86
		{8A83AF03-96E8-4721-8ACB-87D1F57421FC}.AppStore|iPhoneSimulator.ActiveCfg = Release|x86
		{8A83AF03-96E8-4721-8ACB-87D1F57421FC}.AppStore|iPhoneSimulator.Build.0 = Release|x86
		{8A83AF03-96E8-4721-8ACB-87D1F57421FC}.AppStore|iPhoneSimulator.Deploy.0 = Release|x86
		{8A83AF03-96E8-4721-8ACB-87D1F57421FC}.AppStore|x64.ActiveCfg = Release|x64
		{8A83AF03-96E8-4721-8ACB-87D1F57421FC}.AppStore|x64.Build.0 = Release|x64
		{8A83AF03-96E8-4721-8ACB-87D1F57421FC}.AppStore|x64.Deploy.0 = Release|x64
		{8A83AF03-96E8-4721-8ACB-87D1F57421FC}.AppStore|x86.ActiveCfg = Release|x86
		{8A83AF03-96E8-4721-8ACB-87D1F57421FC}.AppStore|x86.Build.0 = Release|x86
		{8A83AF03-96E8-4721-8ACB-87D1F57421FC}.AppStore|x86.Deploy.0 = Release|x86
		{8A83AF03-96E8-4721-8ACB-87D1F57421FC}.Debug|Any CPU.ActiveCfg = Debug|x86
		{8A83AF03-96E8-4721-8ACB-87D1F57421FC}.Debug|ARM.ActiveCfg = Debug|ARM
		{8A83AF03-96E8-4721-8ACB-87D1F57421FC}.Debug|ARM.Build.0 = Debug|ARM
		{8A83AF03-96E8-4721-8ACB-87D1F57421FC}.Debug|ARM.Deploy.0 = Debug|ARM
		{8A83AF03-96E8-4721-8ACB-87D1F57421FC}.Debug|iPhone.ActiveCfg = Debug|x86
		{8A83AF03-96E8-4721-8ACB-87D1F57421FC}.Debug|iPhoneSimulator.ActiveCfg = Debug|x86
		{8A83AF03-96E8-4721-8ACB-87D1F57421FC}.Debug|x64.ActiveCfg = Debug|x64
		{8A83AF03-96E8-4721-8ACB-87D1F57421FC}.Debug|x64.Build.0 = Debug|x64
		{8A83AF03-96E8-4721-8ACB-87D1F57421FC}.Debug|x64.Deploy.0 = Debug|x64
		{8A83AF03-96E8-4721-8ACB-87D1F57421FC}.Debug|x86.ActiveCfg = Debug|x86
		{8A83AF03-96E8-4721-8ACB-87D1F57421FC}.Debug|x86.Build.0 = Debug|x86
		{8A83AF03-96E8-4721-8ACB-87D1F57421FC}.Debug|x86.Deploy.0 = Debug|x86
		{8A83AF03-96E8-4721-8ACB-87D1F57421FC}.Release|Any CPU.ActiveCfg = Release|x86
		{8A83AF03-96E8-4721-8ACB-87D1F57421FC}.Release|ARM.ActiveCfg = Release|ARM
		{8A83AF03-96E8-4721-8ACB-87D1F57421FC}.Release|ARM.Build.0 = Release|ARM
		{8A83AF03-96E8-4721-8ACB-87D1F57421FC}.Release|ARM.Deploy.0 = Release|ARM
		{8A83AF03-96E8-4721-8ACB-87D1F57421FC}.Release|iPhone.ActiveCfg = Release|x86
		{8A83AF03-96E8-4721-8ACB-87D1F57421FC}.Release|iPhoneSimulator.ActiveCfg = Release|x86
		{8A83AF03-96E8-4721-8ACB-87D1F57421FC}.Release|x64.ActiveCfg = Release|x64
		{8A83AF03-96E8-4721-8ACB-87D1F57421FC}.Release|x64.Build.0 = Release|x64
		{8A83AF03-96E8-4721-8ACB-87D1F57421FC}.Release|x64.Deploy.0 = Release|x64
		{8A83AF03-96E8-4721-8ACB-87D1F57421FC}.Release|x86.ActiveCfg = Release|x86
		{8A83AF03-96E8-4721-8ACB-87D1F57421FC}.Release|x86.Build.0 = Release|x86
		{8A83AF03-96E8-4721-8ACB-87D1F57421FC}.Release|x86.Deploy.0 = Release|x86
	EndGlobalSection
	GlobalSection(SolutionProperties) = preSolution
		HideSolutionNode = FALSE
	EndGlobalSection
EndGlobal
